
Microsoft Visual Studio Solution File, Format Version 12.00
# Visual Studio Version 16
VisualStudioVersion = 16.0.31911.196
MinimumVisualStudioVersion = 10.0.40219.1
Project("{FAE04EC0-301F-11D3-BF4B-00C04F79EFBC}") = "P324_Upcasting_Downcasting", "P324_Upcasting_Downcasting\P324_Upcasting_Downcasting.csproj", "{D184E402-8268-4CD0-A5CD-190D1F4FE2EF}"
EndProject
Global
	GlobalSection(SolutionConfigurationPlatforms) = preSolution
		Debug|Any CPU = Debug|Any CPU
		Release|Any CPU = Release|Any CPU
	EndGlobalSection
	GlobalSection(ProjectConfigurationPlatforms) = postSolution
		{D184E402-8268-4CD0-A5CD-190D1F4FE2EF}.Debug|Any CPU.ActiveCfg = Debug|Any CPU
		{D184E402-8268-4CD0-A5CD-190D1F4FE2EF}.Debug|Any CPU.Build.0 = Debug|Any CPU
		{D184E402-8268-4CD0-A5CD-190D1F4FE2EF}.Release|Any CPU.ActiveCfg = Release|Any CPU
		{D184E402-8268-4CD0-A5CD-190D1F4FE2EF}.Release|Any CPU.Build.0 = Release|Any CPU
	EndGlobalSection
	GlobalSection(SolutionProperties) = preSolution
		HideSolutionNode = FALSE
	EndGlobalSection
	GlobalSection(ExtensibilityGlobals) = postSolution
		SolutionGuid = {005D4D3D-A364-45F4-B913-027AD6C55BE6}
	EndGlobalSection
EndGlobal
